
Microsoft Visual Studio Solution File, Format Version 12.00
# Visual Studio Version 16
VisualStudioVersion = 16.0.30803.129
MinimumVisualStudioVersion = 10.0.40219.1
Project("{FAE04EC0-301F-11D3-BF4B-00C04F79EFBC}") = "NboxTrainer", "NboxTrainer.csproj", "{D64E72A6-1E25-47AD-9EB9-02ACD0292103}"
EndProject
Global
	GlobalSection(SolutionConfigurationPlatforms) = preSolution
		Debug|Any CPU = Debug|Any CPU
		Release|Any CPU = Release|Any CPU
	EndGlobalSection
	GlobalSection(ProjectConfigurationPlatforms) = postSolution
		{D64E72A6-1E25-47AD-9EB9-02ACD0292103}.Debug|Any CPU.ActiveCfg = Debug|Any CPU
		{D64E72A6-1E25-47AD-9EB9-02ACD0292103}.Debug|Any CPU.Build.0 = Debug|Any CPU
		{D64E72A6-1E25-47AD-9EB9-02ACD0292103}.Release|Any CPU.ActiveCfg = Release|Any CPU
		{D64E72A6-1E25-47AD-9EB9-02ACD0292103}.Release|Any CPU.Build.0 = Release|Any CPU
	EndGlobalSection
	GlobalSection(SolutionProperties) = preSolution
		HideSolutionNode = FALSE
	EndGlobalSection
	GlobalSection(ExtensibilityGlobals) = postSolution
		SolutionGuid = {89D4D7A0-6881-43C3-9B8D-1FA6DC712C52}
	EndGlobalSection
EndGlobal
